
Microsoft Visual Studio Solution File, Format Version 12.00
# Visual Studio Version 16
VisualStudioVersion = 16.0.31624.102
MinimumVisualStudioVersion = 10.0.40219.1
Project("{FAE04EC0-301F-11D3-BF4B-00C04F79EFBC}") = "AlbumArtist", "AlbumArtist\AlbumArtist.csproj", "{B1CBB511-B005-421F-B47B-B6D6E089451E}"
EndProject
Global
	GlobalSection(SolutionConfigurationPlatforms) = preSolution
		Debug|Any CPU = Debug|Any CPU
		Release|Any CPU = Release|Any CPU
	EndGlobalSection
	GlobalSection(ProjectConfigurationPlatforms) = postSolution
		{B1CBB511-B005-421F-B47B-B6D6E089451E}.Debug|Any CPU.ActiveCfg = Debug|Any CPU
		{B1CBB511-B005-421F-B47B-B6D6E089451E}.Debug|Any CPU.Build.0 = Debug|Any CPU
		{B1CBB511-B005-421F-B47B-B6D6E089451E}.Release|Any CPU.ActiveCfg = Release|Any CPU
		{B1CBB511-B005-421F-B47B-B6D6E089451E}.Release|Any CPU.Build.0 = Release|Any CPU
	EndGlobalSection
	GlobalSection(SolutionProperties) = preSolution
		HideSolutionNode = FALSE
	EndGlobalSection
	GlobalSection(ExtensibilityGlobals) = postSolution
		SolutionGuid = {7B3E3574-F7AC-4C60-8D59-9C491B2392DE}
	EndGlobalSection
EndGlobal
